
Microsoft Visual Studio Solution File, Format Version 12.00
# Visual Studio Version 17
VisualStudioVersion = 17.13.35806.99 d17.13
MinimumVisualStudioVersion = 10.0.40219.1
Project("{FAE04EC0-301F-11D3-BF4B-00C04F79EFBC}") = "ApiVentaRapidaV1", "ApiVentaRapidaV1\ApiVentaRapidaV1.csproj", "{43527B8C-4B82-4FCE-8FBA-936E6EDCE5C1}"
EndProject
Global
	GlobalSection(SolutionConfigurationPlatforms) = preSolution
		Debug|Any CPU = Debug|Any CPU
		Release|Any CPU = Release|Any CPU
	EndGlobalSection
	GlobalSection(ProjectConfigurationPlatforms) = postSolution
		{43527B8C-4B82-4FCE-8FBA-936E6EDCE5C1}.Debug|Any CPU.ActiveCfg = Debug|Any CPU
		{43527B8C-4B82-4FCE-8FBA-936E6EDCE5C1}.Debug|Any CPU.Build.0 = Debug|Any CPU
		{43527B8C-4B82-4FCE-8FBA-936E6EDCE5C1}.Release|Any CPU.ActiveCfg = Release|Any CPU
		{43527B8C-4B82-4FCE-8FBA-936E6EDCE5C1}.Release|Any CPU.Build.0 = Release|Any CPU
	EndGlobalSection
	GlobalSection(SolutionProperties) = preSolution
		HideSolutionNode = FALSE
	EndGlobalSection
	GlobalSection(ExtensibilityGlobals) = postSolution
		SolutionGuid = {7C85855F-0BC4-475E-A325-9659A439079D}
	EndGlobalSection
EndGlobal
